{
    "_meta": {
        "hash": {
            "sha256": "c7eec5cba8d2c0827d5b85dd94b4e0b2ecbfae145f261a664aad58f5ee4664ee"
        },
        "pipfile-spec": 6,
        "requires": {
            "python_version": "3.7"
        },
        "sources": [
            {
                "name": "pypi",
                "url": "https://pypi.org/simple",
                "verify_ssl": true
            }
        ]
    },
    "default": {
        "aiocontextvars": {
            "hashes": [
                "sha256:885daf8261818767d8f7cbd79f9d4482d118f024b6586ef6e67980236a27bfa3",
                "sha256:f027372dc48641f683c559f247bd84962becaacdc9ba711d583c3871fb5652aa"
            ],
            "version": "==0.2.2"
        },
        "aioredis": {
            "hashes": [
                "sha256:71302cebeb7add86f1fe660b469068760ca4364504e75ee83dd6f6b7118bfe28",
                "sha256:86da2748fb0652625a8346f413167f078ec72bdc76e217db7e605a059cd56e86"
            ],
            "version": "==1.3.0"
        },
        "alembic": {
            "hashes": [
                "sha256:9f907d7e8b286a1cfb22db9084f9ce4fde7ad7956bb496dc7c952e10ac90e36a"
            ],
            "index": "pypi",
            "version": "==1.2.1"
        },
        "arq": {
            "hashes": [
                "sha256:2d57685625b15d1dac20159c0032e8105d09ea701c854213b6fe1d75a937b8ee",
                "sha256:dcdc07cfc38bfd3abb7ff7704d82a603c563b4b63f2d33ec5f104bdfad946870"
            ],
            "index": "pypi",
            "version": "==0.18.1"
        },
        "async-timeout": {
            "hashes": [
                "sha256:0c3c816a028d47f659d6ff5c745cb2acf1f966da1fe5c19c77a70282b25f4c5f",
                "sha256:4291ca197d287d274d0b6cb5d6f8f8f82d434ed288f962539ff18cc9012f9ea3"
            ],
            "version": "==3.0.1"
        },
        "asyncpg": {
            "hashes": [
                "sha256:0527cca24a1bb90b7872867518f25f51a431116075bebbe86149fef593630736",
                "sha256:16c2accafda9410fd7e8ee561c2bcd1d3141118be81dc9eccc4e671877fecb72",
                "sha256:35ce817f4a1cef966434e564b69e760d98f0fc2bac73c8786058bd6136ed304e",
                "sha256:426eb401b760abb0ce670d1d09201f1ae5a58355d272c413d1f7d7b6e354b00d",
                "sha256:45254bc128b175cec75c1cbc64de77bdf5593cbff4cdc58c4ca810878ddfe00b",
                "sha256:6a9d9824c29a72dc109b9f9e7916c36bbb6ed15e1f3154aa976ac776caf9ad88",
                "sha256:81431aac651d0386f483697d831cd9cb6efa816fd08dcedf0387602f52c1d4d0",
                "sha256:8992efcda3022e82966857989c999d5da0e9fc76394f36099700ce544ef39621",
                "sha256:8c5a9d6573940fe81de36af78459988b5672e427e95667323fe7dfd97f00cd09",
                "sha256:aab3a90dba30fe9017b5326727b505e18fe024c2e205655d52e85f9b24f5b2ab",
                "sha256:b253bbbe42eba8e00ad63939ff9d43a5f74e26a4e8f883de867920feb4a9e36a",
                "sha256:ccad6b5a59b1c27623c48a840d1f6024994551f27ca0d6c253f64004eaf8a3e6",
                "sha256:cebf06ac15626f3ccb6a537fe593460cdd581bf1aa33dbf3068a21dbef7e393a",
                "sha256:d3ac4751ae5f77fc646cfeb3f9180f2561eb0876a6b7619cb4e4e290e3432811",
                "sha256:e41c8ef26019c27f76cb280dfebad23f84af99ac846b19bcaea06f1b2a2f5fce",
                "sha256:f3e9863510b4e54ade1d20af5ef18901dea44e4fd7259db516b73810c0a1ad2e"
            ],
            "version": "==0.19.0"
        },
        "certifi": {
            "hashes": [
                "sha256:e4f3620cfea4f83eedc95b24abd9cd56f3c4b146dd0177e83a21b4eb49e21e50",
                "sha256:fd7c7c74727ddcf00e9acd26bba8da604ffec95bf1c2144e67aff7a8b50e6cef"
            ],
            "version": "==2019.9.11"
        },
        "click": {
            "hashes": [
                "sha256:2335065e6395b9e67ca716de5f7526736bfa6ceead690adf616d925bdc622b13",
                "sha256:5b94b49521f6456670fdb30cd82a4eca9412788a93fa6dd6df72c94d5a8ff2d7"
            ],
            "version": "==7.0"
        },
        "dnspython": {
            "hashes": [
                "sha256:36c5e8e38d4369a08b6780b7f27d790a292b2b08eea01607865bf0936c558e01",
                "sha256:f69c21288a962f4da86e56c4905b49d11aba7938d3d740e80d9e366ee4f1632d"
            ],
            "version": "==1.16.0"
        },
        "email-validator": {
            "hashes": [
                "sha256:e3e6ede1765d7c1e580d2050d834b2689361f7da2d50ce74df6a5968fca7cb13"
            ],
            "index": "pypi",
            "version": "==1.0.5"
        },
        "fastapi": {
            "hashes": [
                "sha256:38356cf424392142a561f32ab49113dec6e2ab7318862ae14d5e1d7ede16d14f",
                "sha256:48cb522c1c993e238bfe272fbb18049cbd4bf5b9d6c0d4a4fa113cc790e8196c"
            ],
            "index": "pypi",
            "version": "==0.42.0"
        },
        "gino": {
            "hashes": [
                "sha256:187492619c347df41fdbc876b058b85e77f7c50739d552ad720ff439d3d83753",
                "sha256:3aebbe8776efefa49b878f00b48d6ad483b0f4ebcd8630641ea7c3c9f63bb260"
            ],
            "index": "pypi",
            "version": "==0.8.3"
        },
        "h11": {
            "hashes": [
                "sha256:acca6a44cb52a32ab442b1779adf0875c443c689e9e028f8d831a3769f9c5208",
                "sha256:f2b1ca39bfed357d1f19ac732913d5f9faa54a5062eca7d2ec3a916cfb7ae4c7"
            ],
            "version": "==0.8.1"
        },
        "hiredis": {
            "hashes": [
                "sha256:0124911115f2cb7deb4f8e221e109a53d3d718174b238a2c5e2162175a3929a5",
                "sha256:0656658d0448c2c82c4890ae933c2c2e51196101d3d06fc19cc92e062410c2fd",
                "sha256:09d284619f7142ddd7a4ffa94c12a0445e834737f4ce8739a737f2b1ca0f6142",
                "sha256:12299b7026e5dc22ed0ff603375c1bf583cf59adbb0e4d062df434e9140d72dd",
                "sha256:12fc6210f8dc3e9c8ce4b95e8f5db404b838dbdeb25bca41e33497de6d89334f",
                "sha256:197febe5e63c77f4ad19b36e15ed33152064dc606c8b7413c7a0ca3fd04672cc",
                "sha256:20e48289fbffb59a5ac7cc677fc02c2726c1da22488e5f7636b9feb9afde199f",
                "sha256:26bed296b92b88db02afe214aa1fefad7f9e8ba88a5a7c0e355b55c4b168d212",
                "sha256:321b19d2a21fd576111032fe7694d317de2c11b265ef775f2e3f22734a6b94c8",
                "sha256:32d5f2c461250f5fc7ccef647682651b1d9f69443f16c213d7fa5e183222b233",
                "sha256:36bfcc86715d109a5ef6edefd52b893de97d555cb5cb0e9cab83eb9665942ccc",
                "sha256:438ddfd1484e98110959dc4648c0ba22c3307c9c0ae7e2a856755067f9ce9cef",
                "sha256:66f17c1633b2fb967bf4165f7b3d369a1bdfe3537d3646cf9a7c208506c96c49",
                "sha256:94ab0fa3ac93ab36a5400c474439881d182b43fd38a2766d984470c57931ae88",
                "sha256:955f12da861f2608c181049f623bbb52851769e10639c4919cc586395b89813f",
                "sha256:b1fd831f96ce0f715e9356574f5184b840b59eb8901fc5f9124fedbe84ad2a59",
                "sha256:b3813c641494fca2eda66c32a2117816472a5a39b12f59f7887c6d17bdb8c77e",
                "sha256:bbc3ee8663024c82a1226a0d56ad882f42a2fd8c2999bf52d27bdd25f1320f4b",
                "sha256:bd12c2774b574f5b209196e25b03b5d62c7919bf69046bc7b955ebe84e0ec1fe",
                "sha256:c54d2b3d7a2206df35f3c1140ac20ca6faf7819ff92ea5be8bf4d1cbdb433216",
                "sha256:c7b0bcaf2353a2ad387dd8b5e1b5f55991adc3a7713ac3345a4ef0de58276690",
                "sha256:c9319a1503efb3b5a4ec13b2f8fae2c23610a645e999cb8954d330f0610b0f6d",
                "sha256:cbe5c0273224babe2ec77058643312d07aa5e8fed08901b3f7bccaa744c5728e",
                "sha256:cc884ea50185009d794b31314a144110efc76b71beb0a5827a8bff970ae6d248",
                "sha256:d1e2e751327781ad81df5a5a29d7c7b19ee0ebfbeddf037fd8df19ec1c06e18b",
                "sha256:d2ef58cece6cae4b354411df498350d836f10b814c8a890df0d8079aff30c518",
                "sha256:e97c953f08729900a5e740f1760305434d62db9f281ac351108d6c4b5bf51795",
                "sha256:fcdf2e10f56113e1cb4326dbca7bf7edbfdbd246cd6d7ec088688e5439129e2c"
            ],
            "version": "==1.0.0"
        },
        "httptools": {
            "hashes": [
                "sha256:e00cbd7ba01ff748e494248183abc6e153f49181169d8a3d41bb49132ca01dfc"
            ],
            "version": "==0.0.13"
        },
        "idna": {
            "hashes": [
                "sha256:c357b3f628cf53ae2c4c05627ecc484553142ca23264e593d327bcde5e9c3407",
                "sha256:ea8b7f6188e6fa117537c3df7da9fc686d485087abf6ac197f9c46432f7e4a3c"
            ],
            "version": "==2.8"
        },
        "mako": {
            "hashes": [
                "sha256:a36919599a9b7dc5d86a7a8988f23a9a3a3d083070023bab23d64f7f1d1e0a4b"
            ],
            "version": "==1.1.0"
        },
        "markupsafe": {
            "hashes": [
                "sha256:00bc623926325b26bb9605ae9eae8a215691f33cae5df11ca5424f06f2d1f473",
                "sha256:09027a7803a62ca78792ad89403b1b7a73a01c8cb65909cd876f7fcebd79b161",
                "sha256:09c4b7f37d6c648cb13f9230d847adf22f8171b1ccc4d5682398e77f40309235",
                "sha256:1027c282dad077d0bae18be6794e6b6b8c91d58ed8a8d89a89d59693b9131db5",
                "sha256:24982cc2533820871eba85ba648cd53d8623687ff11cbb805be4ff7b4c971aff",
                "sha256:29872e92839765e546828bb7754a68c418d927cd064fd4708fab9fe9c8bb116b",
                "sha256:43a55c2930bbc139570ac2452adf3d70cdbb3cfe5912c71cdce1c2c6bbd9c5d1",
                "sha256:46c99d2de99945ec5cb54f23c8cd5689f6d7177305ebff350a58ce5f8de1669e",
                "sha256:500d4957e52ddc3351cabf489e79c91c17f6e0899158447047588650b5e69183",
                "sha256:535f6fc4d397c1563d08b88e485c3496cf5784e927af890fb3c3aac7f933ec66",
                "sha256:62fe6c95e3ec8a7fad637b7f3d372c15ec1caa01ab47926cfdf7a75b40e0eac1",
                "sha256:6dd73240d2af64df90aa7c4e7481e23825ea70af4b4922f8ede5b9e35f78a3b1",
                "sha256:717ba8fe3ae9cc0006d7c451f0bb265ee07739daf76355d06366154ee68d221e",
                "sha256:79855e1c5b8da654cf486b830bd42c06e8780cea587384cf6545b7d9ac013a0b",
                "sha256:7c1699dfe0cf8ff607dbdcc1e9b9af1755371f92a68f706051cc8c37d447c905",
                "sha256:88e5fcfb52ee7b911e8bb6d6aa2fd21fbecc674eadd44118a9cc3863f938e735",
                "sha256:8defac2f2ccd6805ebf65f5eeb132adcf2ab57aa11fdf4c0dd5169a004710e7d",
                "sha256:98c7086708b163d425c67c7a91bad6e466bb99d797aa64f965e9d25c12111a5e",
                "sha256:9add70b36c5666a2ed02b43b335fe19002ee5235efd4b8a89bfcf9005bebac0d",
                "sha256:9bf40443012702a1d2070043cb6291650a0841ece432556f784f004937f0f32c",
                "sha256:ade5e387d2ad0d7ebf59146cc00c8044acbd863725f887353a10df825fc8ae21",
                "sha256:b00c1de48212e4cc9603895652c5c410df699856a2853135b3967591e4beebc2",
                "sha256:b1282f8c00509d99fef04d8ba936b156d419be841854fe901d8ae224c59f0be5",
                "sha256:b2051432115498d3562c084a49bba65d97cf251f5a331c64a12ee7e04dacc51b",
                "sha256:ba59edeaa2fc6114428f1637ffff42da1e311e29382d81b339c1817d37ec93c6",
                "sha256:c8716a48d94b06bb3b2524c2b77e055fb313aeb4ea620c8dd03a105574ba704f",
                "sha256:cd5df75523866410809ca100dc9681e301e3c27567cf498077e8551b6d20e42f",
                "sha256:e249096428b3ae81b08327a63a485ad0878de3fb939049038579ac0ef61e17e7"
            ],
            "version": "==1.1.1"
        },
        "psycopg2-binary": {
            "hashes": [
                "sha256:040234f8a4a8dfd692662a8308d78f63f31a97e1c42d2480e5e6810c48966a29",
                "sha256:086f7e89ec85a6704db51f68f0dcae432eff9300809723a6e8782c41c2f48e03",
                "sha256:18ca813fdb17bc1db73fe61b196b05dd1ca2165b884dd5ec5568877cabf9b039",
                "sha256:19dc39616850342a2a6db70559af55b22955f86667b5f652f40c0e99253d9881",
                "sha256:2166e770cb98f02ed5ee2b0b569d40db26788e0bf2ec3ae1a0d864ea6f1d8309",
                "sha256:3a2522b1d9178575acee4adf8fd9f979f9c0449b00b4164bb63c3475ea6528ed",
                "sha256:3aa773580f85a28ffdf6f862e59cb5a3cc7ef6885121f2de3fca8d6ada4dbf3b",
                "sha256:3b5deaa3ee7180585a296af33e14c9b18c218d148e735c7accf78130765a47e3",
                "sha256:407af6d7e46593415f216c7f56ba087a9a42bd6dc2ecb86028760aa45b802bd7",
                "sha256:4c3c09fb674401f630626310bcaf6cd6285daf0d5e4c26d6e55ca26a2734e39b",
                "sha256:4c6717962247445b4f9e21c962ea61d2e884fc17df5ddf5e35863b016f8a1f03",
                "sha256:50446fae5681fc99f87e505d4e77c9407e683ab60c555ec302f9ac9bffa61103",
                "sha256:5057669b6a66aa9ca118a2a860159f0ee3acf837eda937bdd2a64f3431361a2d",
                "sha256:5dd90c5438b4f935c9d01fcbad3620253da89d19c1f5fca9158646407ed7df35",
                "sha256:659c815b5b8e2a55193ede2795c1e2349b8011497310bb936da7d4745652823b",
                "sha256:69b13fdf12878b10dc6003acc8d0abf3ad93e79813fd5f3812497c1c9fb9be49",
                "sha256:7a1cb80e35e1ccea3e11a48afe65d38744a0e0bde88795cc56a4d05b6e4f9d70",
                "sha256:7e6e3c52e6732c219c07bd97fff6c088f8df4dae3b79752ee3a817e6f32e177e",
                "sha256:7f42a8490c4fe854325504ce7a6e4796b207960dabb2cbafe3c3959cb00d1d7e",
                "sha256:84156313f258eafff716b2961644a4483a9be44a5d43551d554844d15d4d224e",
                "sha256:8578d6b8192e4c805e85f187bc530d0f52ba86c39172e61cd51f68fddd648103",
                "sha256:890167d5091279a27e2505ff0e1fb273f8c48c41d35c5b92adbf4af80e6b2ed6",
                "sha256:9aadff9032e967865f9778485571e93908d27dab21d0fdfdec0ca779bb6f8ad9",
                "sha256:9f24f383a298a0c0f9b3113b982e21751a8ecde6615494a3f1470eb4a9d70e9e",
                "sha256:a73021b44813b5c84eda4a3af5826dd72356a900bac9bd9dd1f0f81ee1c22c2f",
                "sha256:afd96845e12638d2c44d213d4810a08f4dc4a563f9a98204b7428e567014b1cd",
                "sha256:b73ddf033d8cd4cc9dfed6324b1ad2a89ba52c410ef6877998422fcb9c23e3a8",
                "sha256:dbc5cd56fff1a6152ca59445178652756f4e509f672e49ccdf3d79c1043113a4",
                "sha256:eac8a3499754790187bb00574ab980df13e754777d346f85e0ff6df929bcd964",
                "sha256:eaed1c65f461a959284649e37b5051224f4db6ebdc84e40b5e65f2986f101a08"
            ],
            "index": "pypi",
            "version": "==2.8.4"
        },
        "pydantic": {
            "hashes": [
                "sha256:18598557f0d9ab46173045910ed50458c4fb4d16153c23346b504d7a5b679f77",
                "sha256:6a9335c968e13295430a208487e74d69fef40168b72dea8d975765d14e2da660",
                "sha256:6f5eb88fe4c21380aa064b7d249763fc6306f0b001d7e7d52d80866d1afc9ed3",
                "sha256:bc6c6a78647d7a65a493e1107572d993f26a652c49183201e3c7d23924bf7311",
                "sha256:e1a63b4e6bf8820833cb6fa239ffbe8eec57ccdd7d66359eff20e68a83c1deeb",
                "sha256:ede2d65ae33788d4e26e12b330b4a32c53cb14131c65bca3a59f037c73f6ee7a"
            ],
            "version": "==0.32.2"
        },
        "python-dateutil": {
            "hashes": [
                "sha256:7e6584c74aeed623791615e26efd690f29817a27c73085b78e4bad02493df2fb",
                "sha256:c89805f6f4d64db21ed966fda138f8a5ed7a4fdbc1a8ee329ce1b74e3c74da9e"
            ],
            "version": "==2.8.0"
        },
        "python-editor": {
            "hashes": [
                "sha256:1bf6e860a8ad52a14c3ee1252d5dc25b2030618ed80c022598f00176adc8367d",
                "sha256:51fda6bcc5ddbbb7063b2af7509e43bd84bfc32a4ff71349ec7847713882327b",
                "sha256:5f98b069316ea1c2ed3f67e7f5df6c0d8f10b689964a4a811ff64f0106819ec8"
            ],
            "version": "==1.0.4"
        },
        "sentry-sdk": {
            "hashes": [
                "sha256:cf4b0f8401f4d146e6b8c5579b24397273126c9a0576fa7eb9581ad27b330f13",
                "sha256:f6e850f304382d87c5c52c01db8c0004d2ced6a0b073df2f2257168cf31b31aa"
            ],
            "index": "pypi",
            "version": "==0.13.1"
        },
        "six": {
            "hashes": [
                "sha256:3350809f0555b11f552448330d0b52d5f24c91a322ea4a15ef22629740f3761c",
                "sha256:d16a0141ec1a18405cd4ce8b4613101da75da0e9a7aec5bdd4fa804d0e0eba73"
            ],
            "version": "==1.12.0"
        },
        "sqlalchemy": {
            "hashes": [
                "sha256:0f0768b5db594517e1f5e1572c73d14cf295140756431270d89496dc13d5e46c"
            ],
            "version": "==1.3.10"
        },
        "sqlalchemy-utils": {
            "hashes": [
                "sha256:6689b29d7951c5c7c4d79fa6b8c95f9ff9ec708b07aa53f82060599bd14dcc88"
            ],
            "index": "pypi",
            "version": "==0.34.2"
        },
        "starlette": {
            "hashes": [
                "sha256:c2ac9a42e0e0328ad20fe444115ac5e3760c1ee2ac1ff8cdb5ec915c4a453411"
            ],
            "version": "==0.12.9"
        },
        "urllib3": {
            "hashes": [
                "sha256:3de946ffbed6e6746608990594d08faac602528ac7015ac28d33cee6a45b7398",
                "sha256:9a107b99a5393caf59c7aa3c1249c16e6879447533d0887f4336dde834c7be86"
            ],
            "version": "==1.25.6"
        },
        "uvicorn": {
            "hashes": [
                "sha256:33c7cfcf71450d2170c9a4c4c7559767329040a36b159e3889554132e4b89457"
            ],
            "index": "pypi",
            "version": "==0.9.1"
        },
        "uvloop": {
            "hashes": [
                "sha256:182617c2992a79b268bfd193691c4aacb93634e9d8d96edf560a842a6206411d",
                "sha256:2a0268553d2920108b05250c9711060313851daa60b1052c38b6520320aa50b1",
                "sha256:32d2fe6ee6be28a99661e1f02bf6cedb99711df1065a3fb7ba7dd73ccb85f768",
                "sha256:448b13a1adfc47745b880b5d5b34c975c7851b1cd3b0eafe2569b2250190c797",
                "sha256:469e0e3b80f245ed32f054174e6a69e6a01715dbbb24eb917733fe5af09ad306",
                "sha256:682fa2ab24a758831f531dca122f128373c3dd95a3c8885b5fd1c48775d0024f",
                "sha256:9967fd537f3164607d153900aaae036e9a18015d8478f84406ba58b183f5abfc",
                "sha256:9ab030794432c47b78199d3f268ac2c898ae85fb9f09e10ae03dd7af62904b0e",
                "sha256:c1d55b6926d956a29cf5d7cc891004602ea7cd006b0b80354b9b3d973ca9027f"
            ],
            "version": "==0.14.0rc1"
        },
        "websockets": {
            "hashes": [
                "sha256:049e694abe33f8a1d99969fee7bfc0ae6761f7fd5f297c58ea933b27dd6805f2",
                "sha256:73ce69217e4655783ec72ce11c151053fcbd5b837cc39de7999e19605182e28a",
                "sha256:83e63aa73331b9ca21af61df8f115fb5fbcba3f281bee650a4ad16a40cd1ef15",
                "sha256:882a7266fa867a2ebb2c0baaa0f9159cabf131cf18c1b4270d79ad42f9208dc5",
                "sha256:8c77f7d182a6ea2a9d09c2612059f3ad859a90243e899617137ee3f6b7f2b584",
                "sha256:8d7a20a2f97f1e98c765651d9fb9437201a9ccc2c70e94b0270f1c5ef29667a3",
                "sha256:a7affaeffbc5d55681934c16bb6b8fc82bb75b175e7fd4dcca798c938bde8dda",
                "sha256:c82e286555f839846ef4f0fdd6910769a577952e1e26aa8ee7a6f45f040e3c2b",
                "sha256:e906128532a14b9d264a43eb48f9b3080d53a9bda819ab45bf56b8039dc606ac",
                "sha256:e9102043a81cdc8b7c8032ff4bce39f6229e4ac39cb2010946c912eeb84e2cb6",
                "sha256:f5cb2683367e32da6a256b60929a3af9c29c212b5091cf5bace9358d03011bf5"
            ],
            "version": "==8.0.2"
        }
    },
    "develop": {
        "appdirs": {
            "hashes": [
                "sha256:9e5896d1372858f8dd3344faf4e5014d21849c756c8d5701f78f8a103b372d92",
                "sha256:d8b24664561d0d34ddfaec54636d502d7cea6e29c3eaf68f3df6180863e2166e"
            ],
            "version": "==1.4.3"
        },
        "attrs": {
            "hashes": [
                "sha256:08a96c641c3a74e44eb59afb61a24f2cb9f4d7188748e76ba4bb5edfa3cb7d1c",
                "sha256:f7b7ce16570fe9965acd6d30101a28f62fb4a7f9e926b3bbc9b61f8b04247e72"
            ],
            "version": "==19.3.0"
        },
        "bandit": {
            "hashes": [
                "sha256:336620e220cf2d3115877685e264477ff9d9abaeb0afe3dc7264f55fa17a3952",
                "sha256:41e75315853507aa145d62a78a2a6c5e3240fe14ee7c601459d0df9418196065"
            ],
            "index": "pypi",
            "version": "==1.6.2"
        },
        "black": {
            "hashes": [
                "sha256:09a9dcb7c46ed496a9850b76e4e825d6049ecd38b611f1224857a79bd985a8cf",
                "sha256:68950ffd4d9169716bcb8719a56c07a2f4485354fec061cdd5910aa07369731c"
            ],
            "index": "pypi",
            "version": "==19.3b0"
        },
        "click": {
            "hashes": [
                "sha256:2335065e6395b9e67ca716de5f7526736bfa6ceead690adf616d925bdc622b13",
                "sha256:5b94b49521f6456670fdb30cd82a4eca9412788a93fa6dd6df72c94d5a8ff2d7"
            ],
            "version": "==7.0"
        },
        "entrypoints": {
            "hashes": [
                "sha256:589f874b313739ad35be6e0cd7efde2a4e9b6fea91edcc34e58ecbb8dbe56d19",
                "sha256:c70dd71abe5a8c85e55e12c19bd91ccfeec11a6e99044204511f9ed547d48451"
            ],
            "version": "==0.3"
        },
        "flake8": {
            "hashes": [
                "sha256:45681a117ecc81e870cbf1262835ae4af5e7a8b08e40b944a8a6e6b895914cfb",
                "sha256:49356e766643ad15072a789a20915d3c91dc89fd313ccd71802303fd67e4deca"
            ],
            "index": "pypi",
            "version": "==3.7.9"
        },
        "gitdb2": {
            "hashes": [
                "sha256:1b6df1433567a51a4a9c1a5a0de977aa351a405cc56d7d35f3388bad1f630350",
                "sha256:96bbb507d765a7f51eb802554a9cfe194a174582f772e0d89f4e87288c288b7b"
            ],
            "version": "==2.0.6"
        },
        "gitpython": {
            "hashes": [
                "sha256:3237caca1139d0a7aa072f6735f5fd2520de52195e0fa1d8b83a9b212a2498b2",
                "sha256:a7d6bef0775f66ba47f25911d285bcd692ce9053837ff48a120c2b8cf3a71389"
            ],
            "version": "==3.0.4"
        },
        "mccabe": {
            "hashes": [
                "sha256:ab8a6258860da4b6677da4bd2fe5dc2c659cff31b3ee4f7f5d64e79735b80d42",
                "sha256:dd8d182285a0fe56bace7f45b5e7d1a6ebcbf524e8f3bd87eb0f125271b8831f"
            ],
            "version": "==0.6.1"
        },
        "pbr": {
            "hashes": [
                "sha256:2c8e420cd4ed4cec4e7999ee47409e876af575d4c35a45840d59e8b5f3155ab8",
                "sha256:b32c8ccaac7b1a20c0ce00ce317642e6cf231cf038f9875e0280e28af5bf7ac9"
            ],
            "version": "==5.4.3"
        },
        "pycodestyle": {
            "hashes": [
                "sha256:95a2219d12372f05704562a14ec30bc76b05a5b297b21a5dfe3f6fac3491ae56",
                "sha256:e40a936c9a450ad81df37f549d676d127b1b66000a6c500caa2b085bc0ca976c"
            ],
            "version": "==2.5.0"
        },
        "pyflakes": {
            "hashes": [
                "sha256:17dbeb2e3f4d772725c777fabc446d5634d1038f234e77343108ce445ea69ce0",
                "sha256:d976835886f8c5b31d47970ed689944a0262b5f3afa00a5a7b4dc81e5449f8a2"
            ],
            "version": "==2.1.1"
        },
        "pyyaml": {
            "hashes": [
                "sha256:0113bc0ec2ad727182326b61326afa3d1d8280ae1122493553fd6f4397f33df9",
                "sha256:01adf0b6c6f61bd11af6e10ca52b7d4057dd0be0343eb9283c878cf3af56aee4",
                "sha256:5124373960b0b3f4aa7df1707e63e9f109b5263eca5976c66e08b1c552d4eaf8",
                "sha256:5ca4f10adbddae56d824b2c09668e91219bb178a1eee1faa56af6f99f11bf696",
                "sha256:7907be34ffa3c5a32b60b95f4d95ea25361c951383a894fec31be7252b2b6f34",
                "sha256:7ec9b2a4ed5cad025c2278a1e6a19c011c80a3caaac804fd2d329e9cc2c287c9",
                "sha256:87ae4c829bb25b9fe99cf71fbb2140c448f534e24c998cc60f39ae4f94396a73",
                "sha256:9de9919becc9cc2ff03637872a440195ac4241c80536632fffeb6a1e25a74299",
                "sha256:a5a85b10e450c66b49f98846937e8cfca1db3127a9d5d1e31ca45c3d0bef4c5b",
                "sha256:b0997827b4f6a7c286c01c5f60384d218dca4ed7d9efa945c3e1aa623d5709ae",
                "sha256:b631ef96d3222e62861443cc89d6563ba3eeb816eeb96b2629345ab795e53681",
                "sha256:bf47c0607522fdbca6c9e817a6e81b08491de50f3766a7a0e6a5be7905961b41",
                "sha256:f81025eddd0327c7d4cfe9b62cf33190e1e736cc6e97502b3ec425f574b3e7a8"
            ],
            "version": "==5.1.2"
        },
        "rope": {
            "hashes": [
                "sha256:6b728fdc3e98a83446c27a91fc5d56808a004f8beab7a31ab1d7224cecc7d969",
                "sha256:c5c5a6a87f7b1a2095fb311135e2a3d1f194f5ecb96900fdd0a9100881f48aaf",
                "sha256:f0dcf719b63200d492b85535ebe5ea9b29e0d0b8aebeb87fe03fc1a65924fdaf"
            ],
            "index": "pypi",
            "version": "==0.14.0"
        },
        "six": {
            "hashes": [
                "sha256:3350809f0555b11f552448330d0b52d5f24c91a322ea4a15ef22629740f3761c",
                "sha256:d16a0141ec1a18405cd4ce8b4613101da75da0e9a7aec5bdd4fa804d0e0eba73"
            ],
            "version": "==1.12.0"
        },
        "smmap2": {
            "hashes": [
                "sha256:0555a7bf4df71d1ef4218e4807bbf9b201f910174e6e08af2e138d4e517b4dde",
                "sha256:29a9ffa0497e7f2be94ca0ed1ca1aa3cd4cf25a1f6b4f5f87f74b46ed91d609a"
            ],
            "version": "==2.0.5"
        },
        "stevedore": {
            "hashes": [
                "sha256:01d9f4beecf0fbd070ddb18e5efb10567801ba7ef3ddab0074f54e3cd4e91730",
                "sha256:e0739f9739a681c7a1fda76a102b65295e96a144ccdb552f2ae03c5f0abe8a14"
            ],
            "version": "==1.31.0"
        },
        "toml": {
            "hashes": [
                "sha256:229f81c57791a41d65e399fc06bf0848bab550a9dfd5ed66df18ce5f05e73d5c",
                "sha256:235682dd292d5899d361a811df37e04a8828a5b1da3115886b73cf81ebc9100e"
            ],
            "version": "==0.10.0"
        },
        "watchgod": {
            "hashes": [
                "sha256:30ffb90c692e0797d23a39d695928c57d8c01a4a9708434e9dca16d7bd4e24c7",
                "sha256:78d44cbacf4fbbf7573d10fcf0f156f1b0d71598d32477c34f8cf66001bafc1f"
            ],
            "index": "pypi",
            "version": "==0.5"
        }
    }
}